
Microsoft Visual Studio Solution File, Format Version 12.00
# Visual Studio Version 17
VisualStudioVersion = 17.9.34616.47
MinimumVisualStudioVersion = 10.0.40219.1
Project("{9A19103F-16F7-4668-BE54-9A1E7A4F7556}") = "Lohnausfall", "Lohnausfall\Lohnausfall.csproj", "{F22459AC-1D83-43AB-B12D-22A8364D0C50}"
EndProject
Project("{FAE04EC0-301F-11D3-BF4B-00C04F79EFBC}") = "Lohnausfall.Core", "Lohnausfall.Core\Lohnausfall.Core.csproj", "{70D4AE80-4AE3-44E1-AF3B-B54131FC5297}"
EndProject
Project("{FAE04EC0-301F-11D3-BF4B-00C04F79EFBC}") = "Lohnausfall.Infrastructure", "Lohnausfall.Infrastructure\Lohnausfall.Infrastructure.csproj", "{81A7C87E-DB40-4336-80A1-2E85847A163A}"
EndProject
Global
	GlobalSection(SolutionConfigurationPlatforms) = preSolution
		Debug|Any CPU = Debug|Any CPU
		Release|Any CPU = Release|Any CPU
	EndGlobalSection
	GlobalSection(ProjectConfigurationPlatforms) = postSolution
		{F22459AC-1D83-43AB-B12D-22A8364D0C50}.Debug|Any CPU.ActiveCfg = Debug|Any CPU
		{F22459AC-1D83-43AB-B12D-22A8364D0C50}.Debug|Any CPU.Build.0 = Debug|Any CPU
		{F22459AC-1D83-43AB-B12D-22A8364D0C50}.Release|Any CPU.ActiveCfg = Release|Any CPU
		{F22459AC-1D83-43AB-B12D-22A8364D0C50}.Release|Any CPU.Build.0 = Release|Any CPU
		{70D4AE80-4AE3-44E1-AF3B-B54131FC5297}.Debug|Any CPU.ActiveCfg = Debug|Any CPU
		{70D4AE80-4AE3-44E1-AF3B-B54131FC5297}.Debug|Any CPU.Build.0 = Debug|Any CPU
		{70D4AE80-4AE3-44E1-AF3B-B54131FC5297}.Release|Any CPU.ActiveCfg = Release|Any CPU
		{70D4AE80-4AE3-44E1-AF3B-B54131FC5297}.Release|Any CPU.Build.0 = Release|Any CPU
		{81A7C87E-DB40-4336-80A1-2E85847A163A}.Debug|Any CPU.ActiveCfg = Debug|Any CPU
		{81A7C87E-DB40-4336-80A1-2E85847A163A}.Debug|Any CPU.Build.0 = Debug|Any CPU
		{81A7C87E-DB40-4336-80A1-2E85847A163A}.Release|Any CPU.ActiveCfg = Release|Any CPU
		{81A7C87E-DB40-4336-80A1-2E85847A163A}.Release|Any CPU.Build.0 = Release|Any CPU
	EndGlobalSection
	GlobalSection(SolutionProperties) = preSolution
		HideSolutionNode = FALSE
	EndGlobalSection
	GlobalSection(ExtensibilityGlobals) = postSolution
		SolutionGuid = {0264CC4C-A79C-4A41-9651-AB9064B4C349}
	EndGlobalSection
EndGlobal
